
Microsoft Visual Studio Solution File, Format Version 12.00
# Visual Studio Version 17
VisualStudioVersion = 17.11.35312.102
MinimumVisualStudioVersion = 10.0.40219.1
Project("{2150E333-8FDC-42A3-9474-1A3956D46DE8}") = "Task0", "Task0", "{AD756A33-E757-4EE2-9DF9-481B36E1F7BF}"
EndProject
Project("{9A19103F-16F7-4668-BE54-9A1E7A4F7556}") = "Tyuiu.MilyutinND.Sprint2.Task0.V21", "Tyuiu.MilyutinND.Sprint2.Task0.V21\Tyuiu.MilyutinND.Sprint2.Task0.V21.csproj", "{A05FE1B2-0EF9-4FEF-BC5D-DAF3B8C18AD6}"
EndProject
Project("{9A19103F-16F7-4668-BE54-9A1E7A4F7556}") = "Tyuiu.MilyutinND.Sprint2.Task0.V21.Lib", "Tyuiu.MilyutinND.Sprint2.Task0.V21.Lib\Tyuiu.MilyutinND.Sprint2.Task0.V21.Lib.csproj", "{75F4900D-A917-4A90-8771-5DBB83BC09B7}"
EndProject
Project("{9A19103F-16F7-4668-BE54-9A1E7A4F7556}") = "Tyuiu.MilyutinND.Sprint2.Task0.V21.Test", "Tyuiu.MilyutinND.Sprint2.Task0.V21.Test\Tyuiu.MilyutinND.Sprint2.Task0.V21.Test.csproj", "{509D209F-6EF1-4EB7-85F0-D9BD86C187F8}"
EndProject
Project("{2150E333-8FDC-42A3-9474-1A3956D46DE8}") = "Task1", "Task1", "{6C315537-1F5D-49FF-95A6-82656A6DAABD}"
EndProject
Project("{9A19103F-16F7-4668-BE54-9A1E7A4F7556}") = "Tyuiu.MilyutinND.Sprint2.Task1.V22", "Tyuiu.MilyutinND.Sprint2.Task1.V22\Tyuiu.MilyutinND.Sprint2.Task1.V22.csproj", "{3AFFB648-F60C-4E76-A1C4-F7AED410F466}"
EndProject
Project("{9A19103F-16F7-4668-BE54-9A1E7A4F7556}") = "Tyuiu.MilyutinND.Sprint2.Task1.V22.Lib", "Tyuiu.MilyutinND.Sprint2.Task1.V22.Lib\Tyuiu.MilyutinND.Sprint2.Task1.V22.Lib.csproj", "{BE25A36A-806C-4B3A-AF1A-D68E6201D72E}"
EndProject
Project("{9A19103F-16F7-4668-BE54-9A1E7A4F7556}") = "Tyuiu.MilyutinND.Sprint2.Task1.V22.Test", "Tyuiu.MilyutinND.Sprint2.Task1.V22.Test\Tyuiu.MilyutinND.Sprint2.Task1.V22.Test.csproj", "{6DD63F89-D537-456E-8610-A8BEB8880CEC}"
EndProject
Project("{2150E333-8FDC-42A3-9474-1A3956D46DE8}") = "Task2", "Task2", "{A7B2B6F9-6DD6-4BA5-9AF3-2A8E3AA50A16}"
EndProject
Project("{FAE04EC0-301F-11D3-BF4B-00C04F79EFBC}") = "Tyuiu.MilyutinND.Sprint2.Task2.V4", "Tyuiu.MilyutinND.Sprint2.Task2.V4\Tyuiu.MilyutinND.Sprint2.Task2.V4.csproj", "{4429D977-E3E5-4BFE-80D5-2F7CE37E6363}"
EndProject
Project("{FAE04EC0-301F-11D3-BF4B-00C04F79EFBC}") = "Tyuiu.MilyutinND.Sprint2.Task2.V4.Lib", "Tyuiu.MilyutinND.Sprint2.Task2.V4.Lib\Tyuiu.MilyutinND.Sprint2.Task2.V4.Lib.csproj", "{CD1A8A22-F92E-4980-94DE-D4725276133C}"
EndProject
Project("{FAE04EC0-301F-11D3-BF4B-00C04F79EFBC}") = "Tyuiu.MilyutinND.Sprint2.Task2.V4.Test", "Tyuiu.MilyutinND.Sprint2.Task2.V4.Test\Tyuiu.MilyutinND.Sprint2.Task2.V4.Test.csproj", "{B742F214-E771-4155-BAB5-354A741FC6D1}"
EndProject
Project("{2150E333-8FDC-42A3-9474-1A3956D46DE8}") = "Task3", "Task3", "{B1C93303-2D4D-46EC-B00A-98A9809AA575}"
EndProject
Project("{FAE04EC0-301F-11D3-BF4B-00C04F79EFBC}") = "Tyuiu.MilyutinND.Sprint2.Task3.V5", "Tyuiu.MilyutinND.Sprint2.Task3.V5\Tyuiu.MilyutinND.Sprint2.Task3.V5.csproj", "{3D39F5CA-9F66-46F7-BDDB-897C5F8BF27E}"
EndProject
Project("{FAE04EC0-301F-11D3-BF4B-00C04F79EFBC}") = "Tyuiu.MilyutinND.Sprint2.Task3.V5.Lib", "Tyuiu.MilyutinND.Sprint2.Task3.V5.Lib\Tyuiu.MilyutinND.Sprint2.Task3.V5.Lib.csproj", "{8C7E4032-62D8-4745-AFD7-670F7DFB3AC1}"
EndProject
Project("{FAE04EC0-301F-11D3-BF4B-00C04F79EFBC}") = "Tyuiu.MilyutinND.Sprint2.Task3.V5.Test", "Tyuiu.MilyutinND.Sprint2.Task3.V5.Test\Tyuiu.MilyutinND.Sprint2.Task3.V5.Test.csproj", "{AA2EACA6-D5A6-40B8-BFB2-CB2FD0D53064}"
EndProject
Project("{2150E333-8FDC-42A3-9474-1A3956D46DE8}") = "Task4", "Task4", "{87D4C509-38F4-4AC2-8615-5BC09026E2A0}"
EndProject
Project("{FAE04EC0-301F-11D3-BF4B-00C04F79EFBC}") = "Tyuiu.MilyutinND.Sprint2.Task4.V20", "Tyuiu.MilyutinND.Sprint2.Task4.V20\Tyuiu.MilyutinND.Sprint2.Task4.V20.csproj", "{4F421D2B-1B62-4082-AB81-E35F5CC6FEBF}"
EndProject
Project("{FAE04EC0-301F-11D3-BF4B-00C04F79EFBC}") = "Tyuiu.MilyutinND.Sprint2.Task4.V20.Lib", "Tyuiu.MilyutinND.Sprint2.Task4.V20.Lib\Tyuiu.MilyutinND.Sprint2.Task4.V20.Lib.csproj", "{0CAA2C19-917F-43ED-B32E-39476636338D}"
EndProject
Project("{FAE04EC0-301F-11D3-BF4B-00C04F79EFBC}") = "Tyuiu.MilyutinND.Sprint2.Task4.V20.Test", "Tyuiu.MilyutinND.Sprint2.Task4.V20.Test\Tyuiu.MilyutinND.Sprint2.Task4.V20.Test.csproj", "{E660B199-4F66-4EB5-94B7-0C136C57F933}"
EndProject
Global
	GlobalSection(SolutionConfigurationPlatforms) = preSolution
		Debug|Any CPU = Debug|Any CPU
		Release|Any CPU = Release|Any CPU
	EndGlobalSection
	GlobalSection(ProjectConfigurationPlatforms) = postSolution
		{A05FE1B2-0EF9-4FEF-BC5D-DAF3B8C18AD6}.Debug|Any CPU.ActiveCfg = Debug|Any CPU
		{A05FE1B2-0EF9-4FEF-BC5D-DAF3B8C18AD6}.Debug|Any CPU.Build.0 = Debug|Any CPU
		{A05FE1B2-0EF9-4FEF-BC5D-DAF3B8C18AD6}.Release|Any CPU.ActiveCfg = Release|Any CPU
		{A05FE1B2-0EF9-4FEF-BC5D-DAF3B8C18AD6}.Release|Any CPU.Build.0 = Release|Any CPU
		{75F4900D-A917-4A90-8771-5DBB83BC09B7}.Debug|Any CPU.ActiveCfg = Debug|Any CPU
		{75F4900D-A917-4A90-8771-5DBB83BC09B7}.Debug|Any CPU.Build.0 = Debug|Any CPU
		{75F4900D-A917-4A90-8771-5DBB83BC09B7}.Release|Any CPU.ActiveCfg = Release|Any CPU
		{75F4900D-A917-4A90-8771-5DBB83BC09B7}.Release|Any CPU.Build.0 = Release|Any CPU
		{509D209F-6EF1-4EB7-85F0-D9BD86C187F8}.Debug|Any CPU.ActiveCfg = Debug|Any CPU
		{509D209F-6EF1-4EB7-85F0-D9BD86C187F8}.Debug|Any CPU.Build.0 = Debug|Any CPU
		{509D209F-6EF1-4EB7-85F0-D9BD86C187F8}.Release|Any CPU.ActiveCfg = Release|Any CPU
		{509D209F-6EF1-4EB7-85F0-D9BD86C187F8}.Release|Any CPU.Build.0 = Release|Any CPU
		{3AFFB648-F60C-4E76-A1C4-F7AED410F466}.Debug|Any CPU.ActiveCfg = Debug|Any CPU
		{3AFFB648-F60C-4E76-A1C4-F7AED410F466}.Debug|Any CPU.Build.0 = Debug|Any CPU
		{3AFFB648-F60C-4E76-A1C4-F7AED410F466}.Release|Any CPU.ActiveCfg = Release|Any CPU
		{3AFFB648-F60C-4E76-A1C4-F7AED410F466}.Release|Any CPU.Build.0 = Release|Any CPU
		{BE25A36A-806C-4B3A-AF1A-D68E6201D72E}.Debug|Any CPU.ActiveCfg = Debug|Any CPU
		{BE25A36A-806C-4B3A-AF1A-D68E6201D72E}.Debug|Any CPU.Build.0 = Debug|Any CPU
		{BE25A36A-806C-4B3A-AF1A-D68E6201D72E}.Release|Any CPU.ActiveCfg = Release|Any CPU
		{BE25A36A-806C-4B3A-AF1A-D68E6201D72E}.Release|Any CPU.Build.0 = Release|Any CPU
		{6DD63F89-D537-456E-8610-A8BEB8880CEC}.Debug|Any CPU.ActiveCfg = Debug|Any CPU
		{6DD63F89-D537-456E-8610-A8BEB8880CEC}.Debug|Any CPU.Build.0 = Debug|Any CPU
		{6DD63F89-D537-456E-8610-A8BEB8880CEC}.Release|Any CPU.ActiveCfg = Release|Any CPU
		{6DD63F89-D537-456E-8610-A8BEB8880CEC}.Release|Any CPU.Build.0 = Release|Any CPU
		{4429D977-E3E5-4BFE-80D5-2F7CE37E6363}.Debug|Any CPU.ActiveCfg = Debug|Any CPU
		{4429D977-E3E5-4BFE-80D5-2F7CE37E6363}.Debug|Any CPU.Build.0 = Debug|Any CPU
		{4429D977-E3E5-4BFE-80D5-2F7CE37E6363}.Release|Any CPU.ActiveCfg = Release|Any CPU
		{4429D977-E3E5-4BFE-80D5-2F7CE37E6363}.Release|Any CPU.Build.0 = Release|Any CPU
		{CD1A8A22-F92E-4980-94DE-D4725276133C}.Debug|Any CPU.ActiveCfg = Debug|Any CPU
		{CD1A8A22-F92E-4980-94DE-D4725276133C}.Debug|Any CPU.Build.0 = Debug|Any CPU
		{CD1A8A22-F92E-4980-94DE-D4725276133C}.Release|Any CPU.ActiveCfg = Release|Any CPU
		{CD1A8A22-F92E-4980-94DE-D4725276133C}.Release|Any CPU.Build.0 = Release|Any CPU
		{B742F214-E771-4155-BAB5-354A741FC6D1}.Debug|Any CPU.ActiveCfg = Debug|Any CPU
		{B742F214-E771-4155-BAB5-354A741FC6D1}.Debug|Any CPU.Build.0 = Debug|Any CPU
		{B742F214-E771-4155-BAB5-354A741FC6D1}.Release|Any CPU.ActiveCfg = Release|Any CPU
		{B742F214-E771-4155-BAB5-354A741FC6D1}.Release|Any CPU.Build.0 = Release|Any CPU
		{3D39F5CA-9F66-46F7-BDDB-897C5F8BF27E}.Debug|Any CPU.ActiveCfg = Debug|Any CPU
		{3D39F5CA-9F66-46F7-BDDB-897C5F8BF27E}.Debug|Any CPU.Build.0 = Debug|Any CPU
		{3D39F5CA-9F66-46F7-BDDB-897C5F8BF27E}.Release|Any CPU.ActiveCfg = Release|Any CPU
		{3D39F5CA-9F66-46F7-BDDB-897C5F8BF27E}.Release|Any CPU.Build.0 = Release|Any CPU
		{8C7E4032-62D8-4745-AFD7-670F7DFB3AC1}.Debug|Any CPU.ActiveCfg = Debug|Any CPU
		{8C7E4032-62D8-4745-AFD7-670F7DFB3AC1}.Debug|Any CPU.Build.0 = Debug|Any CPU
		{8C7E4032-62D8-4745-AFD7-670F7DFB3AC1}.Release|Any CPU.ActiveCfg = Release|Any CPU
		{8C7E4032-62D8-4745-AFD7-670F7DFB3AC1}.Release|Any CPU.Build.0 = Release|Any CPU
		{AA2EACA6-D5A6-40B8-BFB2-CB2FD0D53064}.Debug|Any CPU.ActiveCfg = Debug|Any CPU
		{AA2EACA6-D5A6-40B8-BFB2-CB2FD0D53064}.Debug|Any CPU.Build.0 = Debug|Any CPU
		{AA2EACA6-D5A6-40B8-BFB2-CB2FD0D53064}.Release|Any CPU.ActiveCfg = Release|Any CPU
		{AA2EACA6-D5A6-40B8-BFB2-CB2FD0D53064}.Release|Any CPU.Build.0 = Release|Any CPU
		{4F421D2B-1B62-4082-AB81-E35F5CC6FEBF}.Debug|Any CPU.ActiveCfg = Debug|Any CPU
		{4F421D2B-1B62-4082-AB81-E35F5CC6FEBF}.Debug|Any CPU.Build.0 = Debug|Any CPU
		{4F421D2B-1B62-4082-AB81-E35F5CC6FEBF}.Release|Any CPU.ActiveCfg = Release|Any CPU
		{4F421D2B-1B62-4082-AB81-E35F5CC6FEBF}.Release|Any CPU.Build.0 = Release|Any CPU
		{0CAA2C19-917F-43ED-B32E-39476636338D}.Debug|Any CPU.ActiveCfg = Debug|Any CPU
		{0CAA2C19-917F-43ED-B32E-39476636338D}.Debug|Any CPU.Build.0 = Debug|Any CPU
		{0CAA2C19-917F-43ED-B32E-39476636338D}.Release|Any CPU.ActiveCfg = Release|Any CPU
		{0CAA2C19-917F-43ED-B32E-39476636338D}.Release|Any CPU.Build.0 = Release|Any CPU
		{E660B199-4F66-4EB5-94B7-0C136C57F933}.Debug|Any CPU.ActiveCfg = Debug|Any CPU
		{E660B199-4F66-4EB5-94B7-0C136C57F933}.Debug|Any CPU.Build.0 = Debug|Any CPU
		{E660B199-4F66-4EB5-94B7-0C136C57F933}.Release|Any CPU.ActiveCfg = Release|Any CPU
		{E660B199-4F66-4EB5-94B7-0C136C57F933}.Release|Any CPU.Build.0 = Release|Any CPU
	EndGlobalSection
	GlobalSection(SolutionProperties) = preSolution
		HideSolutionNode = FALSE
	EndGlobalSection
	GlobalSection(NestedProjects) = preSolution
		{A05FE1B2-0EF9-4FEF-BC5D-DAF3B8C18AD6} = {AD756A33-E757-4EE2-9DF9-481B36E1F7BF}
		{75F4900D-A917-4A90-8771-5DBB83BC09B7} = {AD756A33-E757-4EE2-9DF9-481B36E1F7BF}
		{509D209F-6EF1-4EB7-85F0-D9BD86C187F8} = {AD756A33-E757-4EE2-9DF9-481B36E1F7BF}
		{3AFFB648-F60C-4E76-A1C4-F7AED410F466} = {6C315537-1F5D-49FF-95A6-82656A6DAABD}
		{BE25A36A-806C-4B3A-AF1A-D68E6201D72E} = {6C315537-1F5D-49FF-95A6-82656A6DAABD}
		{6DD63F89-D537-456E-8610-A8BEB8880CEC} = {6C315537-1F5D-49FF-95A6-82656A6DAABD}
		{4429D977-E3E5-4BFE-80D5-2F7CE37E6363} = {A7B2B6F9-6DD6-4BA5-9AF3-2A8E3AA50A16}
		{CD1A8A22-F92E-4980-94DE-D4725276133C} = {A7B2B6F9-6DD6-4BA5-9AF3-2A8E3AA50A16}
		{B742F214-E771-4155-BAB5-354A741FC6D1} = {A7B2B6F9-6DD6-4BA5-9AF3-2A8E3AA50A16}
		{3D39F5CA-9F66-46F7-BDDB-897C5F8BF27E} = {B1C93303-2D4D-46EC-B00A-98A9809AA575}
		{8C7E4032-62D8-4745-AFD7-670F7DFB3AC1} = {B1C93303-2D4D-46EC-B00A-98A9809AA575}
		{AA2EACA6-D5A6-40B8-BFB2-CB2FD0D53064} = {B1C93303-2D4D-46EC-B00A-98A9809AA575}
		{4F421D2B-1B62-4082-AB81-E35F5CC6FEBF} = {87D4C509-38F4-4AC2-8615-5BC09026E2A0}
		{0CAA2C19-917F-43ED-B32E-39476636338D} = {87D4C509-38F4-4AC2-8615-5BC09026E2A0}
		{E660B199-4F66-4EB5-94B7-0C136C57F933} = {87D4C509-38F4-4AC2-8615-5BC09026E2A0}
	EndGlobalSection
	GlobalSection(ExtensibilityGlobals) = postSolution
		SolutionGuid = {E3F027D6-D9FB-45CB-A245-4E78DF2C412F}
	EndGlobalSection
EndGlobal
